
Microsoft Visual Studio Solution File, Format Version 12.00
# Visual Studio Version 17
VisualStudioVersion = 17.1.32319.34
MinimumVisualStudioVersion = 10.0.40219.1
Project("{FAE04EC0-301F-11D3-BF4B-00C04F79EFBC}") = "Clip.Umbraco.Site", "Clip.Umbraco.Site\Clip.Umbraco.Site.csproj", "{5021586D-8E3E-4A13-8005-0CE760F109AE}"
	ProjectSection(ProjectDependencies) = postProject
		{9D9F24D8-0898-4052-9DA1-A7983CE9DE02} = {9D9F24D8-0898-4052-9DA1-A7983CE9DE02}
	EndProjectSection
EndProject
Project("{FAE04EC0-301F-11D3-BF4B-00C04F79EFBC}") = "Clip.Web", "src\Clip.Web\Clip.Web.csproj", "{9D9F24D8-0898-4052-9DA1-A7983CE9DE02}"
EndProject
Project("{9A19103F-16F7-4668-BE54-9A1E7A4F7556}") = "Clip", "src\Clip\Clip.csproj", "{C4874053-D08C-40BA-BD98-94F0058AE140}"
EndProject
Project("{2150E333-8FDC-42A3-9474-1A3956D46DE8}") = "Solution Items", "Solution Items", "{897DCC0A-4090-4BA3-8769-23C6BF2356CC}"
	ProjectSection(SolutionItems) = preProject
		.gitignore = .gitignore
		azure-pipelines.yml = azure-pipelines.yml
		Directory.Build.Props = Directory.Build.Props
		localbuild.ps1 = localbuild.ps1
		NuGet.config = NuGet.config
		README.md = README.md
	EndProjectSection
EndProject
Project("{9A19103F-16F7-4668-BE54-9A1E7A4F7556}") = "Clip.Backoffice", "src\Clip.Backoffice\Clip.Backoffice.csproj", "{A7F523D1-CE39-4EAC-885D-C392BB263EBC}"
EndProject
Global
	GlobalSection(SolutionConfigurationPlatforms) = preSolution
		Debug|Any CPU = Debug|Any CPU
		Release|Any CPU = Release|Any CPU
	EndGlobalSection
	GlobalSection(ProjectConfigurationPlatforms) = postSolution
		{5021586D-8E3E-4A13-8005-0CE760F109AE}.Debug|Any CPU.ActiveCfg = Debug|Any CPU
		{5021586D-8E3E-4A13-8005-0CE760F109AE}.Debug|Any CPU.Build.0 = Debug|Any CPU
		{5021586D-8E3E-4A13-8005-0CE760F109AE}.Release|Any CPU.ActiveCfg = Release|Any CPU
		{5021586D-8E3E-4A13-8005-0CE760F109AE}.Release|Any CPU.Build.0 = Release|Any CPU
		{9D9F24D8-0898-4052-9DA1-A7983CE9DE02}.Debug|Any CPU.ActiveCfg = Debug|Any CPU
		{9D9F24D8-0898-4052-9DA1-A7983CE9DE02}.Debug|Any CPU.Build.0 = Debug|Any CPU
		{9D9F24D8-0898-4052-9DA1-A7983CE9DE02}.Release|Any CPU.ActiveCfg = Release|Any CPU
		{9D9F24D8-0898-4052-9DA1-A7983CE9DE02}.Release|Any CPU.Build.0 = Release|Any CPU
		{C4874053-D08C-40BA-BD98-94F0058AE140}.Debug|Any CPU.ActiveCfg = Debug|Any CPU
		{C4874053-D08C-40BA-BD98-94F0058AE140}.Debug|Any CPU.Build.0 = Debug|Any CPU
		{C4874053-D08C-40BA-BD98-94F0058AE140}.Release|Any CPU.ActiveCfg = Release|Any CPU
		{C4874053-D08C-40BA-BD98-94F0058AE140}.Release|Any CPU.Build.0 = Release|Any CPU
		{A7F523D1-CE39-4EAC-885D-C392BB263EBC}.Debug|Any CPU.ActiveCfg = Debug|Any CPU
		{A7F523D1-CE39-4EAC-885D-C392BB263EBC}.Debug|Any CPU.Build.0 = Debug|Any CPU
		{A7F523D1-CE39-4EAC-885D-C392BB263EBC}.Release|Any CPU.ActiveCfg = Release|Any CPU
		{A7F523D1-CE39-4EAC-885D-C392BB263EBC}.Release|Any CPU.Build.0 = Release|Any CPU
	EndGlobalSection
	GlobalSection(SolutionProperties) = preSolution
		HideSolutionNode = FALSE
	EndGlobalSection
	GlobalSection(ExtensibilityGlobals) = postSolution
		SolutionGuid = {32DB03D0-906F-45AA-81E4-95C22274B16A}
	EndGlobalSection
EndGlobal
