
Microsoft Visual Studio Solution File, Format Version 12.00
# Visual Studio Version 17
VisualStudioVersion = 17.1.32319.34
MinimumVisualStudioVersion = 10.0.40219.1
Project("{9A19103F-16F7-4668-BE54-9A1E7A4F7556}") = "Clip.Umbraco.Site", "Clip.Umbraco.Site\Clip.Umbraco.Site.csproj", "{5021586D-8E3E-4A13-8005-0CE760F109AE}"
EndProject
Project("{2150E333-8FDC-42A3-9474-1A3956D46DE8}") = "Solution Items", "Solution Items", "{897DCC0A-4090-4BA3-8769-23C6BF2356CC}"
	ProjectSection(SolutionItems) = preProject
		.gitignore = .gitignore
		azure-pipelines.yml = azure-pipelines.yml
		Directory.Build.props = Directory.Build.props
		LICENSE.md = LICENSE.md
		localbuild.ps1 = localbuild.ps1
		README.md = README.md
		umbraco-marketplace.json = umbraco-marketplace.json
	EndProjectSection
EndProject
Project("{9A19103F-16F7-4668-BE54-9A1E7A4F7556}") = "Clip", "src\Clip\Clip.csproj", "{2AE626D8-BF6A-4A52-84BB-E2BA10847AAB}"
EndProject
Global
	GlobalSection(SolutionConfigurationPlatforms) = preSolution
		Debug|Any CPU = Debug|Any CPU
		Release|Any CPU = Release|Any CPU
	EndGlobalSection
	GlobalSection(ProjectConfigurationPlatforms) = postSolution
		{5021586D-8E3E-4A13-8005-0CE760F109AE}.Debug|Any CPU.ActiveCfg = Debug|Any CPU
		{5021586D-8E3E-4A13-8005-0CE760F109AE}.Debug|Any CPU.Build.0 = Debug|Any CPU
		{5021586D-8E3E-4A13-8005-0CE760F109AE}.Release|Any CPU.ActiveCfg = Release|Any CPU
		{5021586D-8E3E-4A13-8005-0CE760F109AE}.Release|Any CPU.Build.0 = Release|Any CPU
		{2AE626D8-BF6A-4A52-84BB-E2BA10847AAB}.Debug|Any CPU.ActiveCfg = Debug|Any CPU
		{2AE626D8-BF6A-4A52-84BB-E2BA10847AAB}.Debug|Any CPU.Build.0 = Debug|Any CPU
		{2AE626D8-BF6A-4A52-84BB-E2BA10847AAB}.Release|Any CPU.ActiveCfg = Release|Any CPU
		{2AE626D8-BF6A-4A52-84BB-E2BA10847AAB}.Release|Any CPU.Build.0 = Release|Any CPU
	EndGlobalSection
	GlobalSection(SolutionProperties) = preSolution
		HideSolutionNode = FALSE
	EndGlobalSection
	GlobalSection(ExtensibilityGlobals) = postSolution
		SolutionGuid = {32DB03D0-906F-45AA-81E4-95C22274B16A}
	EndGlobalSection
EndGlobal
